// !$*UTF8*$!
{
	archiveVersion = 1;
	classes = {
	};
	objectVersion = 56;
	objects = {

/* Begin PBXBuildFile section */
		EFF07B4A2C7C7DDD00BB7675 /* MyBudgetApp.swift in Sources */ = {isa = PBXBuildFile; fileRef = EFF07B492C7C7DDD00BB7675 /* MyBudgetApp.swift */; };
		EFF07B4E2C7C7DDF00BB7675 /* Assets.xcassets in Resources */ = {isa = PBXBuildFile; fileRef = EFF07B4D2C7C7DDF00BB7675 /* Assets.xcassets */; };
		EFF07B512C7C7DDF00BB7675 /* Preview Assets.xcassets in Resources */ = {isa = PBXBuildFile; fileRef = EFF07B502C7C7DDF00BB7675 /* Preview Assets.xcassets */; };
		EFF07B582C7C915500BB7675 /* ExpensesCategoriesListView.swift in Sources */ = {isa = PBXBuildFile; fileRef = EFF07B572C7C915500BB7675 /* ExpensesCategoriesListView.swift */; };
		EFF07B5A2C7C917C00BB7675 /* ExpensesCategory.swift in Sources */ = {isa = PBXBuildFile; fileRef = EFF07B592C7C917C00BB7675 /* ExpensesCategory.swift */; };
		EFF07B5F2C7C963100BB7675 /* AddCategoryView.swift in Sources */ = {isa = PBXBuildFile; fileRef = EFF07B5E2C7C963100BB7675 /* AddCategoryView.swift */; };
		EFF07B612C7C9C4300BB7675 /* HomeView.swift in Sources */ = {isa = PBXBuildFile; fileRef = EFF07B602C7C9C4200BB7675 /* HomeView.swift */; };
		EFF07B632C7C9EAA00BB7675 /* IncomeListView.swift in Sources */ = {isa = PBXBuildFile; fileRef = EFF07B622C7C9EAA00BB7675 /* IncomeListView.swift */; };
		EFF07B652C7C9F1700BB7675 /* ExpensesListView.swift in Sources */ = {isa = PBXBuildFile; fileRef = EFF07B642C7C9F1700BB7675 /* ExpensesListView.swift */; };
		EFF07B672C7D203800BB7675 /* ExpensesCategoriesData.swift in Sources */ = {isa = PBXBuildFile; fileRef = EFF07B662C7D203800BB7675 /* ExpensesCategoriesData.swift */; };
		EFF07B6A2C7D2DD700BB7675 /* JSONFilesManager.swift in Sources */ = {isa = PBXBuildFile; fileRef = EFF07B692C7D2DD700BB7675 /* JSONFilesManager.swift */; };
/* End PBXBuildFile section */

/* Begin PBXFileReference section */
		EFF07B462C7C7DDD00BB7675 /* MyBudget.app */ = {isa = PBXFileReference; explicitFileType = wrapper.application; includeInIndex = 0; path = MyBudget.app; sourceTree = BUILT_PRODUCTS_DIR; };
		EFF07B492C7C7DDD00BB7675 /* MyBudgetApp.swift */ = {isa = PBXFileReference; lastKnownFileType = sourcecode.swift; path = MyBudgetApp.swift; sourceTree = "<group>"; };
		EFF07B4D2C7C7DDF00BB7675 /* Assets.xcassets */ = {isa = PBXFileReference; lastKnownFileType = folder.assetcatalog; path = Assets.xcassets; sourceTree = "<group>"; };
		EFF07B502C7C7DDF00BB7675 /* Preview Assets.xcassets */ = {isa = PBXFileReference; lastKnownFileType = folder.assetcatalog; path = "Preview Assets.xcassets"; sourceTree = "<group>"; };
		EFF07B572C7C915500BB7675 /* ExpensesCategoriesListView.swift */ = {isa = PBXFileReference; lastKnownFileType = sourcecode.swift; path = ExpensesCategoriesListView.swift; sourceTree = "<group>"; };
		EFF07B592C7C917C00BB7675 /* ExpensesCategory.swift */ = {isa = PBXFileReference; lastKnownFileType = sourcecode.swift; path = ExpensesCategory.swift; sourceTree = "<group>"; };
		EFF07B5E2C7C963100BB7675 /* AddCategoryView.swift */ = {isa = PBXFileReference; lastKnownFileType = sourcecode.swift; path = AddCategoryView.swift; sourceTree = "<group>"; };
		EFF07B602C7C9C4200BB7675 /* HomeView.swift */ = {isa = PBXFileReference; lastKnownFileType = sourcecode.swift; path = HomeView.swift; sourceTree = "<group>"; };
		EFF07B622C7C9EAA00BB7675 /* IncomeListView.swift */ = {isa = PBXFileReference; lastKnownFileType = sourcecode.swift; path = IncomeListView.swift; sourceTree = "<group>"; };
		EFF07B642C7C9F1700BB7675 /* ExpensesListView.swift */ = {isa = PBXFileReference; lastKnownFileType = sourcecode.swift; path = ExpensesListView.swift; sourceTree = "<group>"; };
		EFF07B662C7D203800BB7675 /* ExpensesCategoriesData.swift */ = {isa = PBXFileReference; lastKnownFileType = sourcecode.swift; path = ExpensesCategoriesData.swift; sourceTree = "<group>"; };
		EFF07B692C7D2DD700BB7675 /* JSONFilesManager.swift */ = {isa = PBXFileReference; lastKnownFileType = sourcecode.swift; path = JSONFilesManager.swift; sourceTree = "<group>"; };
/* End PBXFileReference section */

/* Begin PBXFrameworksBuildPhase section */
		EFF07B432C7C7DDD00BB7675 /* Frameworks */ = {
			isa = PBXFrameworksBuildPhase;
			buildActionMask = 2147483647;
			files = (
			);
			runOnlyForDeploymentPostprocessing = 0;
		};
/* End PBXFrameworksBuildPhase section */

/* Begin PBXGroup section */
		EFF07B3D2C7C7DDD00BB7675 = {
			isa = PBXGroup;
			children = (
				EFF07B482C7C7DDD00BB7675 /* MyBudget */,
				EFF07B472C7C7DDD00BB7675 /* Products */,
			);
			sourceTree = "<group>";
		};
		EFF07B472C7C7DDD00BB7675 /* Products */ = {
			isa = PBXGroup;
			children = (
				EFF07B462C7C7DDD00BB7675 /* MyBudget.app */,
			);
			name = Products;
			sourceTree = "<group>";
		};
		EFF07B482C7C7DDD00BB7675 /* MyBudget */ = {
			isa = PBXGroup;
			children = (
				EFF07B492C7C7DDD00BB7675 /* MyBudgetApp.swift */,
				EFF07B682C7D2DA200BB7675 /* Helpers */,
				EFF07B5C2C7C919100BB7675 /* Views */,
				EFF07B5B2C7C918A00BB7675 /* Models */,
				EFF07B4D2C7C7DDF00BB7675 /* Assets.xcassets */,
				EFF07B4F2C7C7DDF00BB7675 /* Preview Content */,
			);
			path = MyBudget;
			sourceTree = "<group>";
		};
		EFF07B4F2C7C7DDF00BB7675 /* Preview Content */ = {
			isa = PBXGroup;
			children = (
				EFF07B502C7C7DDF00BB7675 /* Preview Assets.xcassets */,
			);
			path = "Preview Content";
			sourceTree = "<group>";
		};
		EFF07B5B2C7C918A00BB7675 /* Models */ = {
			isa = PBXGroup;
			children = (
				EFF07B592C7C917C00BB7675 /* ExpensesCategory.swift */,
				EFF07B662C7D203800BB7675 /* ExpensesCategoriesData.swift */,
			);
			path = Models;
			sourceTree = "<group>";
		};
		EFF07B5C2C7C919100BB7675 /* Views */ = {
			isa = PBXGroup;
			children = (
				EFF07B602C7C9C4200BB7675 /* HomeView.swift */,
				EFF07B622C7C9EAA00BB7675 /* IncomeListView.swift */,
				EFF07B642C7C9F1700BB7675 /* ExpensesListView.swift */,
				EFF07B572C7C915500BB7675 /* ExpensesCategoriesListView.swift */,
				EFF07B5E2C7C963100BB7675 /* AddCategoryView.swift */,
			);
			path = Views;
			sourceTree = "<group>";
		};
		EFF07B682C7D2DA200BB7675 /* Helpers */ = {
			isa = PBXGroup;
			children = (
				EFF07B692C7D2DD700BB7675 /* JSONFilesManager.swift */,
			);
			path = Helpers;
			sourceTree = "<group>";
		};
/* End PBXGroup section */

/* Begin PBXNativeTarget section */
		EFF07B452C7C7DDD00BB7675 /* MyBudget */ = {
			isa = PBXNativeTarget;
			buildConfigurationList = EFF07B542C7C7DDF00BB7675 /* Build configuration list for PBXNativeTarget "MyBudget" */;
			buildPhases = (
				EFF07B422C7C7DDD00BB7675 /* Sources */,
				EFF07B432C7C7DDD00BB7675 /* Frameworks */,
				EFF07B442C7C7DDD00BB7675 /* Resources */,
			);
			buildRules = (
			);
			dependencies = (
			);
			name = MyBudget;
			productName = MyBudget;
			productReference = EFF07B462C7C7DDD00BB7675 /* MyBudget.app */;
			productType = "com.apple.product-type.application";
		};
/* End PBXNativeTarget section */

/* Begin PBXProject section */
		EFF07B3E2C7C7DDD00BB7675 /* Project object */ = {
			isa = PBXProject;
			attributes = {
				BuildIndependentTargetsInParallel = 1;
				LastSwiftUpdateCheck = 1530;
				LastUpgradeCheck = 1530;
				TargetAttributes = {
					EFF07B452C7C7DDD00BB7675 = {
						CreatedOnToolsVersion = 15.3;
					};
				};
			};
			buildConfigurationList = EFF07B412C7C7DDD00BB7675 /* Build configuration list for PBXProject "MyBudget" */;
			compatibilityVersion = "Xcode 14.0";
			developmentRegion = en;
			hasScannedForEncodings = 0;
			knownRegions = (
				en,
				Base,
			);
			mainGroup = EFF07B3D2C7C7DDD00BB7675;
			productRefGroup = EFF07B472C7C7DDD00BB7675 /* Products */;
			projectDirPath = "";
			projectRoot = "";
			targets = (
				EFF07B452C7C7DDD00BB7675 /* MyBudget */,
			);
		};
/* End PBXProject section */

/* Begin PBXResourcesBuildPhase section */
		EFF07B442C7C7DDD00BB7675 /* Resources */ = {
			isa = PBXResourcesBuildPhase;
			buildActionMask = 2147483647;
			files = (
				EFF07B512C7C7DDF00BB7675 /* Preview Assets.xcassets in Resources */,
				EFF07B4E2C7C7DDF00BB7675 /* Assets.xcassets in Resources */,
			);
			runOnlyForDeploymentPostprocessing = 0;
		};
/* End PBXResourcesBuildPhase section */

/* Begin PBXSourcesBuildPhase section */
		EFF07B422C7C7DDD00BB7675 /* Sources */ = {
			isa = PBXSourcesBuildPhase;
			buildActionMask = 2147483647;
			files = (
				EFF07B582C7C915500BB7675 /* ExpensesCategoriesListView.swift in Sources */,
				EFF07B6A2C7D2DD700BB7675 /* JSONFilesManager.swift in Sources */,
				EFF07B672C7D203800BB7675 /* ExpensesCategoriesData.swift in Sources */,
				EFF07B5A2C7C917C00BB7675 /* ExpensesCategory.swift in Sources */,
				EFF07B652C7C9F1700BB7675 /* ExpensesListView.swift in Sources */,
				EFF07B612C7C9C4300BB7675 /* HomeView.swift in Sources */,
				EFF07B5F2C7C963100BB7675 /* AddCategoryView.swift in Sources */,
				EFF07B632C7C9EAA00BB7675 /* IncomeListView.swift in Sources */,
				EFF07B4A2C7C7DDD00BB7675 /* MyBudgetApp.swift in Sources */,
			);
			runOnlyForDeploymentPostprocessing = 0;
		};
/* End PBXSourcesBuildPhase section */

/* Begin XCBuildConfiguration section */
		EFF07B522C7C7DDF00BB7675 /* Debug */ = {
			isa = XCBuildConfiguration;
			buildSettings = {
				ALWAYS_SEARCH_USER_PATHS = NO;
				ASSETCATALOG_COMPILER_GENERATE_SWIFT_ASSET_SYMBOL_EXTENSIONS = YES;
				CLANG_ANALYZER_NONNULL = YES;
				CLANG_ANALYZER_NUMBER_OBJECT_CONVERSION = YES_AGGRESSIVE;
				CLANG_CXX_LANGUAGE_STANDARD = "gnu++20";
				CLANG_ENABLE_MODULES = YES;
				CLANG_ENABLE_OBJC_ARC = YES;
				CLANG_ENABLE_OBJC_WEAK = YES;
				CLANG_WARN_BLOCK_CAPTURE_AUTORELEASING = YES;
				CLANG_WARN_BOOL_CONVERSION = YES;
				CLANG_WARN_COMMA = YES;
				CLANG_WARN_CONSTANT_CONVERSION = YES;
				CLANG_WARN_DEPRECATED_OBJC_IMPLEMENTATIONS = YES;
				CLANG_WARN_DIRECT_OBJC_ISA_USAGE = YES_ERROR;
				CLANG_WARN_DOCUMENTATION_COMMENTS = YES;
				CLANG_WARN_EMPTY_BODY = YES;
				CLANG_WARN_ENUM_CONVERSION = YES;
				CLANG_WARN_INFINITE_RECURSION = YES;
				CLANG_WARN_INT_CONVERSION = YES;
				CLANG_WARN_NON_LITERAL_NULL_CONVERSION = YES;
				CLANG_WARN_OBJC_IMPLICIT_RETAIN_SELF = YES;
				CLANG_WARN_OBJC_LITERAL_CONVERSION = YES;
				CLANG_WARN_OBJC_ROOT_CLASS = YES_ERROR;
				CLANG_WARN_QUOTED_INCLUDE_IN_FRAMEWORK_HEADER = YES;
				CLANG_WARN_RANGE_LOOP_ANALYSIS = YES;
				CLANG_WARN_STRICT_PROTOTYPES = YES;
				CLANG_WARN_SUSPICIOUS_MOVE = YES;
				CLANG_WARN_UNGUARDED_AVAILABILITY = YES_AGGRESSIVE;
				CLANG_WARN_UNREACHABLE_CODE = YES;
				CLANG_WARN__DUPLICATE_METHOD_MATCH = YES;
				COPY_PHASE_STRIP = NO;
				DEBUG_INFORMATION_FORMAT = dwarf;
				ENABLE_STRICT_OBJC_MSGSEND = YES;
				ENABLE_TESTABILITY = YES;
				ENABLE_USER_SCRIPT_SANDBOXING = YES;
				GCC_C_LANGUAGE_STANDARD = gnu17;
				GCC_DYNAMIC_NO_PIC = NO;
				GCC_NO_COMMON_BLOCKS = YES;
				GCC_OPTIMIZATION_LEVEL = 0;
				GCC_PREPROCESSOR_DEFINITIONS = (
					"DEBUG=1",
					"$(inherited)",
				);
				GCC_WARN_64_TO_32_BIT_CONVERSION = YES;
				GCC_WARN_ABOUT_RETURN_TYPE = YES_ERROR;
				GCC_WARN_UNDECLARED_SELECTOR = YES;
				GCC_WARN_UNINITIALIZED_AUTOS = YES_AGGRESSIVE;
				GCC_WARN_UNUSED_FUNCTION = YES;
				GCC_WARN_UNUSED_VARIABLE = YES;
				IPHONEOS_DEPLOYMENT_TARGET = 17.4;
				LOCALIZATION_PREFERS_STRING_CATALOGS = YES;
				MTL_ENABLE_DEBUG_INFO = INCLUDE_SOURCE;
				MTL_FAST_MATH = YES;
				ONLY_ACTIVE_ARCH = YES;
				SDKROOT = iphoneos;
				SWIFT_ACTIVE_COMPILATION_CONDITIONS = "DEBUG $(inherited)";
				SWIFT_OPTIMIZATION_LEVEL = "-Onone";
			};
			name = Debug;
		};
		EFF07B532C7C7DDF00BB7675 /* Release */ = {
			isa = XCBuildConfiguration;
			buildSettings = {
				ALWAYS_SEARCH_USER_PATHS = NO;
				ASSETCATALOG_COMPILER_GENERATE_SWIFT_ASSET_SYMBOL_EXTENSIONS = YES;
				CLANG_ANALYZER_NONNULL = YES;
				CLANG_ANALYZER_NUMBER_OBJECT_CONVERSION = YES_AGGRESSIVE;
				CLANG_CXX_LANGUAGE_STANDARD = "gnu++20";
				CLANG_ENABLE_MODULES = YES;
				CLANG_ENABLE_OBJC_ARC = YES;
				CLANG_ENABLE_OBJC_WEAK = YES;
				CLANG_WARN_BLOCK_CAPTURE_AUTORELEASING = YES;
				CLANG_WARN_BOOL_CONVERSION = YES;
				CLANG_WARN_COMMA = YES;
				CLANG_WARN_CONSTANT_CONVERSION = YES;
				CLANG_WARN_DEPRECATED_OBJC_IMPLEMENTATIONS = YES;
				CLANG_WARN_DIRECT_OBJC_ISA_USAGE = YES_ERROR;
				CLANG_WARN_DOCUMENTATION_COMMENTS = YES;
				CLANG_WARN_EMPTY_BODY = YES;
				CLANG_WARN_ENUM_CONVERSION = YES;
				CLANG_WARN_INFINITE_RECURSION = YES;
				CLANG_WARN_INT_CONVERSION = YES;
				CLANG_WARN_NON_LITERAL_NULL_CONVERSION = YES;
				CLANG_WARN_OBJC_IMPLICIT_RETAIN_SELF = YES;
				CLANG_WARN_OBJC_LITERAL_CONVERSION = YES;
				CLANG_WARN_OBJC_ROOT_CLASS = YES_ERROR;
				CLANG_WARN_QUOTED_INCLUDE_IN_FRAMEWORK_HEADER = YES;
				CLANG_WARN_RANGE_LOOP_ANALYSIS = YES;
				CLANG_WARN_STRICT_PROTOTYPES = YES;
				CLANG_WARN_SUSPICIOUS_MOVE = YES;
				CLANG_WARN_UNGUARDED_AVAILABILITY = YES_AGGRESSIVE;
				CLANG_WARN_UNREACHABLE_CODE = YES;
				CLANG_WARN__DUPLICATE_METHOD_MATCH = YES;
				COPY_PHASE_STRIP = NO;
				DEBUG_INFORMATION_FORMAT = "dwarf-with-dsym";
				ENABLE_NS_ASSERTIONS = NO;
				ENABLE_STRICT_OBJC_MSGSEND = YES;
				ENABLE_USER_SCRIPT_SANDBOXING = YES;
				GCC_C_LANGUAGE_STANDARD = gnu17;
				GCC_NO_COMMON_BLOCKS = YES;
				GCC_WARN_64_TO_32_BIT_CONVERSION = YES;
				GCC_WARN_ABOUT_RETURN_TYPE = YES_ERROR;
				GCC_WARN_UNDECLARED_SELECTOR = YES;
				GCC_WARN_UNINITIALIZED_AUTOS = YES_AGGRESSIVE;
				GCC_WARN_UNUSED_FUNCTION = YES;
				GCC_WARN_UNUSED_VARIABLE = YES;
				IPHONEOS_DEPLOYMENT_TARGET = 17.4;
				LOCALIZATION_PREFERS_STRING_CATALOGS = YES;
				MTL_ENABLE_DEBUG_INFO = NO;
				MTL_FAST_MATH = YES;
				SDKROOT = iphoneos;
				SWIFT_COMPILATION_MODE = wholemodule;
				VALIDATE_PRODUCT = YES;
			};
			name = Release;
		};
		EFF07B552C7C7DDF00BB7675 /* Debug */ = {
			isa = XCBuildConfiguration;
			buildSettings = {
				ASSETCATALOG_COMPILER_APPICON_NAME = AppIcon;
				ASSETCATALOG_COMPILER_GLOBAL_ACCENT_COLOR_NAME = AccentColor;
				CODE_SIGN_STYLE = Automatic;
				CURRENT_PROJECT_VERSION = 1;
				DEVELOPMENT_ASSET_PATHS = "\"MyBudget/Preview Content\"";
				DEVELOPMENT_TEAM = ZV5PM8544M;
				ENABLE_PREVIEWS = YES;
				GENERATE_INFOPLIST_FILE = YES;
				INFOPLIST_KEY_UIApplicationSceneManifest_Generation = YES;
				INFOPLIST_KEY_UIApplicationSupportsIndirectInputEvents = YES;
				INFOPLIST_KEY_UILaunchScreen_Generation = YES;
				INFOPLIST_KEY_UISupportedInterfaceOrientations_iPad = "UIInterfaceOrientationPortrait UIInterfaceOrientationPortraitUpsideDown UIInterfaceOrientationLandscapeLeft UIInterfaceOrientationLandscapeRight";
				INFOPLIST_KEY_UISupportedInterfaceOrientations_iPhone = "UIInterfaceOrientationPortrait UIInterfaceOrientationLandscapeLeft UIInterfaceOrientationLandscapeRight";
				LD_RUNPATH_SEARCH_PATHS = (
					"$(inherited)",
					"@executable_path/Frameworks",
				);
				MARKETING_VERSION = 1.0;
				PRODUCT_BUNDLE_IDENTIFIER = com.hazzaa.MyBudget;
				PRODUCT_NAME = "$(TARGET_NAME)";
				SWIFT_EMIT_LOC_STRINGS = YES;
				SWIFT_VERSION = 5.0;
				TARGETED_DEVICE_FAMILY = "1,2";
			};
			name = Debug;
		};
		EFF07B562C7C7DDF00BB7675 /* Release */ = {
			isa = XCBuildConfiguration;
			buildSettings = {
				ASSETCATALOG_COMPILER_APPICON_NAME = AppIcon;
				ASSETCATALOG_COMPILER_GLOBAL_ACCENT_COLOR_NAME = AccentColor;
				CODE_SIGN_STYLE = Automatic;
				CURRENT_PROJECT_VERSION = 1;
				DEVELOPMENT_ASSET_PATHS = "\"MyBudget/Preview Content\"";
				DEVELOPMENT_TEAM = ZV5PM8544M;
				ENABLE_PREVIEWS = YES;
				GENERATE_INFOPLIST_FILE = YES;
				INFOPLIST_KEY_UIApplicationSceneManifest_Generation = YES;
				INFOPLIST_KEY_UIApplicationSupportsIndirectInputEvents = YES;
				INFOPLIST_KEY_UILaunchScreen_Generation = YES;
				INFOPLIST_KEY_UISupportedInterfaceOrientations_iPad = "UIInterfaceOrientationPortrait UIInterfaceOrientationPortraitUpsideDown UIInterfaceOrientationLandscapeLeft UIInterfaceOrientationLandscapeRight";
				INFOPLIST_KEY_UISupportedInterfaceOrientations_iPhone = "UIInterfaceOrientationPortrait UIInterfaceOrientationLandscapeLeft UIInterfaceOrientationLandscapeRight";
				LD_RUNPATH_SEARCH_PATHS = (
					"$(inherited)",
					"@executable_path/Frameworks",
				);
				MARKETING_VERSION = 1.0;
				PRODUCT_BUNDLE_IDENTIFIER = com.hazzaa.MyBudget;
				PRODUCT_NAME = "$(TARGET_NAME)";
				SWIFT_EMIT_LOC_STRINGS = YES;
				SWIFT_VERSION = 5.0;
				TARGETED_DEVICE_FAMILY = "1,2";
			};
			name = Release;
		};
/* End XCBuildConfiguration section */

/* Begin XCConfigurationList section */
		EFF07B412C7C7DDD00BB7675 /* Build configuration list for PBXProject "MyBudget" */ = {
			isa = XCConfigurationList;
			buildConfigurations = (
				EFF07B522C7C7DDF00BB7675 /* Debug */,
				EFF07B532C7C7DDF00BB7675 /* Release */,
			);
			defaultConfigurationIsVisible = 0;
			defaultConfigurationName = Release;
		};
		EFF07B542C7C7DDF00BB7675 /* Build configuration list for PBXNativeTarget "MyBudget" */ = {
			isa = XCConfigurationList;
			buildConfigurations = (
				EFF07B552C7C7DDF00BB7675 /* Debug */,
				EFF07B562C7C7DDF00BB7675 /* Release */,
			);
			defaultConfigurationIsVisible = 0;
			defaultConfigurationName = Release;
		};
/* End XCConfigurationList section */
	};
	rootObject = EFF07B3E2C7C7DDD00BB7675 /* Project object */;
}
